
Microsoft Visual Studio Solution File, Format Version 12.00
# Visual Studio Version 17
VisualStudioVersion = 17.11.35208.52
MinimumVisualStudioVersion = 10.0.40219.1
Project("{FAE04EC0-301F-11D3-BF4B-00C04F79EFBC}") = "TrabajoGit", "TrabajoGit\TrabajoGit.csproj", "{8C6D9EF9-3AC2-4BF8-A474-F801EB08B343}"
EndProject
Global
	GlobalSection(SolutionConfigurationPlatforms) = preSolution
		Debug|Any CPU = Debug|Any CPU
		Release|Any CPU = Release|Any CPU
	EndGlobalSection
	GlobalSection(ProjectConfigurationPlatforms) = postSolution
		{8C6D9EF9-3AC2-4BF8-A474-F801EB08B343}.Debug|Any CPU.ActiveCfg = Debug|Any CPU
		{8C6D9EF9-3AC2-4BF8-A474-F801EB08B343}.Debug|Any CPU.Build.0 = Debug|Any CPU
		{8C6D9EF9-3AC2-4BF8-A474-F801EB08B343}.Debug|Any CPU.Deploy.0 = Debug|Any CPU
		{8C6D9EF9-3AC2-4BF8-A474-F801EB08B343}.Release|Any CPU.ActiveCfg = Release|Any CPU
		{8C6D9EF9-3AC2-4BF8-A474-F801EB08B343}.Release|Any CPU.Build.0 = Release|Any CPU
		{8C6D9EF9-3AC2-4BF8-A474-F801EB08B343}.Release|Any CPU.Deploy.0 = Release|Any CPU
	EndGlobalSection
	GlobalSection(SolutionProperties) = preSolution
		HideSolutionNode = FALSE
	EndGlobalSection
	GlobalSection(ExtensibilityGlobals) = postSolution
		SolutionGuid = {C8CCAF54-6167-45A7-8C20-55610237A2AB}
	EndGlobalSection
EndGlobal
